
Microsoft Visual Studio Solution File, Format Version 12.00
# Visual Studio Version 17
VisualStudioVersion = 17.8.34511.84
MinimumVisualStudioVersion = 10.0.40219.1
Project("{2150E333-8FDC-42A3-9474-1A3956D46DE8}") = "WarehouseManagement", "WarehouseManagement", "{86C34420-29DE-44A4-8FD0-7C49652B44B1}"
EndProject
Project("{9A19103F-16F7-4668-BE54-9A1E7A4F7556}") = "Warehouse.Api", "src\Warehouse.Api\Warehouse.Api.csproj", "{D6D3B114-F7E3-4C27-858D-299E6990374C}"
EndProject
Project("{9A19103F-16F7-4668-BE54-9A1E7A4F7556}") = "Warehouse.Business", "src\Warehouse.Business\Warehouse.Business.csproj", "{3F2CE489-3268-4884-BDC3-D7EC490E95B2}"
EndProject
Project("{9A19103F-16F7-4668-BE54-9A1E7A4F7556}") = "Warehouse.Repository", "src\Warehouse.Repository\Warehouse.Repository.csproj", "{97278B96-A865-40ED-BBDF-1030C3298845}"
EndProject
Project("{9A19103F-16F7-4668-BE54-9A1E7A4F7556}") = "Warehouse.Shared", "src\Warehouse.Shared\Warehouse.Shared.csproj", "{1F24675A-03A4-420F-87E5-8E5E78E0395B}"
EndProject
Project("{2150E333-8FDC-42A3-9474-1A3956D46DE8}") = "SupplyManagement", "SupplyManagement", "{50C359DE-C6B6-4CF7-A7F9-5FD0B43A8201}"
EndProject
Project("{9A19103F-16F7-4668-BE54-9A1E7A4F7556}") = "Supply.Business", "src\Supply.Business\Supply.Business.csproj", "{BC7CC3B0-7183-461F-A6D3-D27F4495D647}"
EndProject
Project("{9A19103F-16F7-4668-BE54-9A1E7A4F7556}") = "Supply.Repository", "src\Supply.Repository\Supply.Repository.csproj", "{B43AE934-0CFB-4EAF-B5A3-6FF74DF8443E}"
EndProject
Project("{9A19103F-16F7-4668-BE54-9A1E7A4F7556}") = "Supply.Shared", "src\Supply.Shared\Supply.Shared.csproj", "{2368299E-B07C-4213-B9A1-4E3CFF010341}"
EndProject
Project("{2150E333-8FDC-42A3-9474-1A3956D46DE8}") = "PaymentManagement", "PaymentManagement", "{C81ECAC3-E0DA-4585-B157-20351CD08482}"
EndProject
Project("{9A19103F-16F7-4668-BE54-9A1E7A4F7556}") = "Payment.Shared", "src\Payment.Shared\Payment.Shared.csproj", "{9ED36081-5513-4B06-91F2-D59C14512E0B}"
EndProject
Project("{9A19103F-16F7-4668-BE54-9A1E7A4F7556}") = "Payment.Repository", "src\Payment.Repository\Payment.Repository.csproj", "{68A19B74-02E6-4213-BDF0-C255F221D413}"
EndProject
Project("{9A19103F-16F7-4668-BE54-9A1E7A4F7556}") = "Payment.Business", "src\Payment.Business\Payment.Business.csproj", "{FEFE46BD-16C8-4B44-BF53-4BD564103948}"
EndProject
Project("{9A19103F-16F7-4668-BE54-9A1E7A4F7556}") = "Supply.Api", "src\Supply.Api\Supply.Api.csproj", "{D48924A7-1FD3-4A9E-BC89-24326BBABC6C}"
EndProject
Project("{2150E333-8FDC-42A3-9474-1A3956D46DE8}") = "OrderManagement", "OrderManagement", "{E101C379-3FFA-4112-B442-19C8AC8D0464}"
EndProject
Project("{9A19103F-16F7-4668-BE54-9A1E7A4F7556}") = "Order.Shared", "src\Order.Shared\Order.Shared.csproj", "{19B70C8C-17A9-4BAB-8CCF-5CB72EDCDAE4}"
EndProject
Project("{9A19103F-16F7-4668-BE54-9A1E7A4F7556}") = "Order.Repository", "src\Order.Repository\Order.Repository.csproj", "{6AA83C6E-ACDD-45B8-8EA9-7C34C91C83E4}"
EndProject
Project("{9A19103F-16F7-4668-BE54-9A1E7A4F7556}") = "Order.Business", "src\Order.Business\Order.Business.csproj", "{487EAC7E-5F64-4EEA-83B4-B2EF9AAA2BED}"
EndProject
Project("{9A19103F-16F7-4668-BE54-9A1E7A4F7556}") = "Order.Api", "src\Order.Api\Order.Api.csproj", "{55C44F7B-396F-453B-AF19-906B052C17C1}"
EndProject
Project("{2150E333-8FDC-42A3-9474-1A3956D46DE8}") = "MicroShopWebApp", "MicroShopWebApp", "{68910213-5A50-4E9E-92C1-ACAF86DDDD03}"
EndProject
Project("{9A19103F-16F7-4668-BE54-9A1E7A4F7556}") = "MicroShop.Business", "src\MicroShop.Business\MicroShop.Business.csproj", "{00E6EB9D-27E7-49EB-9F61-DAF879A7567E}"
EndProject
Project("{9A19103F-16F7-4668-BE54-9A1E7A4F7556}") = "MicroShop.Shared", "src\MicroShop.Shared\MicroShop.Shared.csproj", "{14EF7ED2-9F64-4F3B-A878-78BD4CF443FE}"
EndProject
Project("{9A19103F-16F7-4668-BE54-9A1E7A4F7556}") = "MicroShop.Client.Http", "src\MicroShop.Client.Http\MicroShop.Client.Http.csproj", "{DD4C6009-6C12-406E-8CE2-3439F8097ABF}"
EndProject
Project("{9A19103F-16F7-4668-BE54-9A1E7A4F7556}") = "MicroShop.Repository", "src\MicroShop.Repository\MicroShop.Repository.csproj", "{8B1F40BD-B376-4E6C-9AD7-CA4E8B1800AF}"
EndProject
Project("{9A19103F-16F7-4668-BE54-9A1E7A4F7556}") = "Payment.Api", "src\Payment.Api\Payment.Api.csproj", "{3BC58C81-306B-4204-97D4-E7B4AA322951}"
EndProject
Project("{9A19103F-16F7-4668-BE54-9A1E7A4F7556}") = "MicroShop.Webapp", "src\MicroShop.Webapp\MicroShop.Webapp.csproj", "{BBDE9E40-AB75-447A-816C-434A2E690CBD}"
EndProject
Project("{9A19103F-16F7-4668-BE54-9A1E7A4F7556}") = "Supply.Client.Http", "src\Supply.Client.Http\Supply.Client.Http.csproj", "{17950ED5-4839-4E1B-8AF2-55530F769FF5}"
EndProject
Project("{E53339B2-1760-4266-BCC7-CA923CBCF16C}") = "docker-compose", "docker-compose.dcproj", "{7211E3E6-46FE-4D1A-8216-A501049DA172}"
EndProject
Global
	GlobalSection(SolutionConfigurationPlatforms) = preSolution
		Debug|Any CPU = Debug|Any CPU
		Release|Any CPU = Release|Any CPU
	EndGlobalSection
	GlobalSection(ProjectConfigurationPlatforms) = postSolution
		{D6D3B114-F7E3-4C27-858D-299E6990374C}.Debug|Any CPU.ActiveCfg = Debug|Any CPU
		{D6D3B114-F7E3-4C27-858D-299E6990374C}.Debug|Any CPU.Build.0 = Debug|Any CPU
		{D6D3B114-F7E3-4C27-858D-299E6990374C}.Release|Any CPU.ActiveCfg = Release|Any CPU
		{D6D3B114-F7E3-4C27-858D-299E6990374C}.Release|Any CPU.Build.0 = Release|Any CPU
		{3F2CE489-3268-4884-BDC3-D7EC490E95B2}.Debug|Any CPU.ActiveCfg = Debug|Any CPU
		{3F2CE489-3268-4884-BDC3-D7EC490E95B2}.Debug|Any CPU.Build.0 = Debug|Any CPU
		{3F2CE489-3268-4884-BDC3-D7EC490E95B2}.Release|Any CPU.ActiveCfg = Release|Any CPU
		{3F2CE489-3268-4884-BDC3-D7EC490E95B2}.Release|Any CPU.Build.0 = Release|Any CPU
		{97278B96-A865-40ED-BBDF-1030C3298845}.Debug|Any CPU.ActiveCfg = Debug|Any CPU
		{97278B96-A865-40ED-BBDF-1030C3298845}.Debug|Any CPU.Build.0 = Debug|Any CPU
		{97278B96-A865-40ED-BBDF-1030C3298845}.Release|Any CPU.ActiveCfg = Release|Any CPU
		{97278B96-A865-40ED-BBDF-1030C3298845}.Release|Any CPU.Build.0 = Release|Any CPU
		{1F24675A-03A4-420F-87E5-8E5E78E0395B}.Debug|Any CPU.ActiveCfg = Debug|Any CPU
		{1F24675A-03A4-420F-87E5-8E5E78E0395B}.Debug|Any CPU.Build.0 = Debug|Any CPU
		{1F24675A-03A4-420F-87E5-8E5E78E0395B}.Release|Any CPU.ActiveCfg = Release|Any CPU
		{1F24675A-03A4-420F-87E5-8E5E78E0395B}.Release|Any CPU.Build.0 = Release|Any CPU
		{BC7CC3B0-7183-461F-A6D3-D27F4495D647}.Debug|Any CPU.ActiveCfg = Debug|Any CPU
		{BC7CC3B0-7183-461F-A6D3-D27F4495D647}.Debug|Any CPU.Build.0 = Debug|Any CPU
		{BC7CC3B0-7183-461F-A6D3-D27F4495D647}.Release|Any CPU.ActiveCfg = Release|Any CPU
		{BC7CC3B0-7183-461F-A6D3-D27F4495D647}.Release|Any CPU.Build.0 = Release|Any CPU
		{B43AE934-0CFB-4EAF-B5A3-6FF74DF8443E}.Debug|Any CPU.ActiveCfg = Debug|Any CPU
		{B43AE934-0CFB-4EAF-B5A3-6FF74DF8443E}.Debug|Any CPU.Build.0 = Debug|Any CPU
		{B43AE934-0CFB-4EAF-B5A3-6FF74DF8443E}.Release|Any CPU.ActiveCfg = Release|Any CPU
		{B43AE934-0CFB-4EAF-B5A3-6FF74DF8443E}.Release|Any CPU.Build.0 = Release|Any CPU
		{2368299E-B07C-4213-B9A1-4E3CFF010341}.Debug|Any CPU.ActiveCfg = Debug|Any CPU
		{2368299E-B07C-4213-B9A1-4E3CFF010341}.Debug|Any CPU.Build.0 = Debug|Any CPU
		{2368299E-B07C-4213-B9A1-4E3CFF010341}.Release|Any CPU.ActiveCfg = Release|Any CPU
		{2368299E-B07C-4213-B9A1-4E3CFF010341}.Release|Any CPU.Build.0 = Release|Any CPU
		{9ED36081-5513-4B06-91F2-D59C14512E0B}.Debug|Any CPU.ActiveCfg = Debug|Any CPU
		{9ED36081-5513-4B06-91F2-D59C14512E0B}.Debug|Any CPU.Build.0 = Debug|Any CPU
		{9ED36081-5513-4B06-91F2-D59C14512E0B}.Release|Any CPU.ActiveCfg = Release|Any CPU
		{9ED36081-5513-4B06-91F2-D59C14512E0B}.Release|Any CPU.Build.0 = Release|Any CPU
		{68A19B74-02E6-4213-BDF0-C255F221D413}.Debug|Any CPU.ActiveCfg = Debug|Any CPU
		{68A19B74-02E6-4213-BDF0-C255F221D413}.Debug|Any CPU.Build.0 = Debug|Any CPU
		{68A19B74-02E6-4213-BDF0-C255F221D413}.Release|Any CPU.ActiveCfg = Release|Any CPU
		{68A19B74-02E6-4213-BDF0-C255F221D413}.Release|Any CPU.Build.0 = Release|Any CPU
		{FEFE46BD-16C8-4B44-BF53-4BD564103948}.Debug|Any CPU.ActiveCfg = Debug|Any CPU
		{FEFE46BD-16C8-4B44-BF53-4BD564103948}.Debug|Any CPU.Build.0 = Debug|Any CPU
		{FEFE46BD-16C8-4B44-BF53-4BD564103948}.Release|Any CPU.ActiveCfg = Release|Any CPU
		{FEFE46BD-16C8-4B44-BF53-4BD564103948}.Release|Any CPU.Build.0 = Release|Any CPU
		{D48924A7-1FD3-4A9E-BC89-24326BBABC6C}.Debug|Any CPU.ActiveCfg = Debug|Any CPU
		{D48924A7-1FD3-4A9E-BC89-24326BBABC6C}.Debug|Any CPU.Build.0 = Debug|Any CPU
		{D48924A7-1FD3-4A9E-BC89-24326BBABC6C}.Release|Any CPU.ActiveCfg = Release|Any CPU
		{D48924A7-1FD3-4A9E-BC89-24326BBABC6C}.Release|Any CPU.Build.0 = Release|Any CPU
		{19B70C8C-17A9-4BAB-8CCF-5CB72EDCDAE4}.Debug|Any CPU.ActiveCfg = Debug|Any CPU
		{19B70C8C-17A9-4BAB-8CCF-5CB72EDCDAE4}.Debug|Any CPU.Build.0 = Debug|Any CPU
		{19B70C8C-17A9-4BAB-8CCF-5CB72EDCDAE4}.Release|Any CPU.ActiveCfg = Release|Any CPU
		{19B70C8C-17A9-4BAB-8CCF-5CB72EDCDAE4}.Release|Any CPU.Build.0 = Release|Any CPU
		{6AA83C6E-ACDD-45B8-8EA9-7C34C91C83E4}.Debug|Any CPU.ActiveCfg = Debug|Any CPU
		{6AA83C6E-ACDD-45B8-8EA9-7C34C91C83E4}.Debug|Any CPU.Build.0 = Debug|Any CPU
		{6AA83C6E-ACDD-45B8-8EA9-7C34C91C83E4}.Release|Any CPU.ActiveCfg = Release|Any CPU
		{6AA83C6E-ACDD-45B8-8EA9-7C34C91C83E4}.Release|Any CPU.Build.0 = Release|Any CPU
		{487EAC7E-5F64-4EEA-83B4-B2EF9AAA2BED}.Debug|Any CPU.ActiveCfg = Debug|Any CPU
		{487EAC7E-5F64-4EEA-83B4-B2EF9AAA2BED}.Debug|Any CPU.Build.0 = Debug|Any CPU
		{487EAC7E-5F64-4EEA-83B4-B2EF9AAA2BED}.Release|Any CPU.ActiveCfg = Release|Any CPU
		{487EAC7E-5F64-4EEA-83B4-B2EF9AAA2BED}.Release|Any CPU.Build.0 = Release|Any CPU
		{55C44F7B-396F-453B-AF19-906B052C17C1}.Debug|Any CPU.ActiveCfg = Debug|Any CPU
		{55C44F7B-396F-453B-AF19-906B052C17C1}.Debug|Any CPU.Build.0 = Debug|Any CPU
		{55C44F7B-396F-453B-AF19-906B052C17C1}.Release|Any CPU.ActiveCfg = Release|Any CPU
		{55C44F7B-396F-453B-AF19-906B052C17C1}.Release|Any CPU.Build.0 = Release|Any CPU
		{00E6EB9D-27E7-49EB-9F61-DAF879A7567E}.Debug|Any CPU.ActiveCfg = Debug|Any CPU
		{00E6EB9D-27E7-49EB-9F61-DAF879A7567E}.Debug|Any CPU.Build.0 = Debug|Any CPU
		{00E6EB9D-27E7-49EB-9F61-DAF879A7567E}.Release|Any CPU.ActiveCfg = Release|Any CPU
		{00E6EB9D-27E7-49EB-9F61-DAF879A7567E}.Release|Any CPU.Build.0 = Release|Any CPU
		{14EF7ED2-9F64-4F3B-A878-78BD4CF443FE}.Debug|Any CPU.ActiveCfg = Debug|Any CPU
		{14EF7ED2-9F64-4F3B-A878-78BD4CF443FE}.Debug|Any CPU.Build.0 = Debug|Any CPU
		{14EF7ED2-9F64-4F3B-A878-78BD4CF443FE}.Release|Any CPU.ActiveCfg = Release|Any CPU
		{14EF7ED2-9F64-4F3B-A878-78BD4CF443FE}.Release|Any CPU.Build.0 = Release|Any CPU
		{DD4C6009-6C12-406E-8CE2-3439F8097ABF}.Debug|Any CPU.ActiveCfg = Debug|Any CPU
		{DD4C6009-6C12-406E-8CE2-3439F8097ABF}.Debug|Any CPU.Build.0 = Debug|Any CPU
		{DD4C6009-6C12-406E-8CE2-3439F8097ABF}.Release|Any CPU.ActiveCfg = Release|Any CPU
		{DD4C6009-6C12-406E-8CE2-3439F8097ABF}.Release|Any CPU.Build.0 = Release|Any CPU
		{8B1F40BD-B376-4E6C-9AD7-CA4E8B1800AF}.Debug|Any CPU.ActiveCfg = Debug|Any CPU
		{8B1F40BD-B376-4E6C-9AD7-CA4E8B1800AF}.Debug|Any CPU.Build.0 = Debug|Any CPU
		{8B1F40BD-B376-4E6C-9AD7-CA4E8B1800AF}.Release|Any CPU.ActiveCfg = Release|Any CPU
		{8B1F40BD-B376-4E6C-9AD7-CA4E8B1800AF}.Release|Any CPU.Build.0 = Release|Any CPU
		{3BC58C81-306B-4204-97D4-E7B4AA322951}.Debug|Any CPU.ActiveCfg = Debug|Any CPU
		{3BC58C81-306B-4204-97D4-E7B4AA322951}.Debug|Any CPU.Build.0 = Debug|Any CPU
		{3BC58C81-306B-4204-97D4-E7B4AA322951}.Release|Any CPU.ActiveCfg = Release|Any CPU
		{3BC58C81-306B-4204-97D4-E7B4AA322951}.Release|Any CPU.Build.0 = Release|Any CPU
		{BBDE9E40-AB75-447A-816C-434A2E690CBD}.Debug|Any CPU.ActiveCfg = Debug|Any CPU
		{BBDE9E40-AB75-447A-816C-434A2E690CBD}.Debug|Any CPU.Build.0 = Debug|Any CPU
		{BBDE9E40-AB75-447A-816C-434A2E690CBD}.Release|Any CPU.ActiveCfg = Release|Any CPU
		{BBDE9E40-AB75-447A-816C-434A2E690CBD}.Release|Any CPU.Build.0 = Release|Any CPU
		{17950ED5-4839-4E1B-8AF2-55530F769FF5}.Debug|Any CPU.ActiveCfg = Debug|Any CPU
		{17950ED5-4839-4E1B-8AF2-55530F769FF5}.Debug|Any CPU.Build.0 = Debug|Any CPU
		{17950ED5-4839-4E1B-8AF2-55530F769FF5}.Release|Any CPU.ActiveCfg = Release|Any CPU
		{17950ED5-4839-4E1B-8AF2-55530F769FF5}.Release|Any CPU.Build.0 = Release|Any CPU
		{7211E3E6-46FE-4D1A-8216-A501049DA172}.Debug|Any CPU.ActiveCfg = Debug|Any CPU
		{7211E3E6-46FE-4D1A-8216-A501049DA172}.Debug|Any CPU.Build.0 = Debug|Any CPU
		{7211E3E6-46FE-4D1A-8216-A501049DA172}.Release|Any CPU.ActiveCfg = Release|Any CPU
		{7211E3E6-46FE-4D1A-8216-A501049DA172}.Release|Any CPU.Build.0 = Release|Any CPU
	EndGlobalSection
	GlobalSection(SolutionProperties) = preSolution
		HideSolutionNode = FALSE
	EndGlobalSection
	GlobalSection(NestedProjects) = preSolution
		{D6D3B114-F7E3-4C27-858D-299E6990374C} = {86C34420-29DE-44A4-8FD0-7C49652B44B1}
		{3F2CE489-3268-4884-BDC3-D7EC490E95B2} = {86C34420-29DE-44A4-8FD0-7C49652B44B1}
		{97278B96-A865-40ED-BBDF-1030C3298845} = {86C34420-29DE-44A4-8FD0-7C49652B44B1}
		{1F24675A-03A4-420F-87E5-8E5E78E0395B} = {86C34420-29DE-44A4-8FD0-7C49652B44B1}
		{BC7CC3B0-7183-461F-A6D3-D27F4495D647} = {50C359DE-C6B6-4CF7-A7F9-5FD0B43A8201}
		{B43AE934-0CFB-4EAF-B5A3-6FF74DF8443E} = {50C359DE-C6B6-4CF7-A7F9-5FD0B43A8201}
		{2368299E-B07C-4213-B9A1-4E3CFF010341} = {50C359DE-C6B6-4CF7-A7F9-5FD0B43A8201}
		{9ED36081-5513-4B06-91F2-D59C14512E0B} = {C81ECAC3-E0DA-4585-B157-20351CD08482}
		{68A19B74-02E6-4213-BDF0-C255F221D413} = {C81ECAC3-E0DA-4585-B157-20351CD08482}
		{FEFE46BD-16C8-4B44-BF53-4BD564103948} = {C81ECAC3-E0DA-4585-B157-20351CD08482}
		{D48924A7-1FD3-4A9E-BC89-24326BBABC6C} = {50C359DE-C6B6-4CF7-A7F9-5FD0B43A8201}
		{19B70C8C-17A9-4BAB-8CCF-5CB72EDCDAE4} = {E101C379-3FFA-4112-B442-19C8AC8D0464}
		{6AA83C6E-ACDD-45B8-8EA9-7C34C91C83E4} = {E101C379-3FFA-4112-B442-19C8AC8D0464}
		{487EAC7E-5F64-4EEA-83B4-B2EF9AAA2BED} = {E101C379-3FFA-4112-B442-19C8AC8D0464}
		{55C44F7B-396F-453B-AF19-906B052C17C1} = {E101C379-3FFA-4112-B442-19C8AC8D0464}
		{00E6EB9D-27E7-49EB-9F61-DAF879A7567E} = {68910213-5A50-4E9E-92C1-ACAF86DDDD03}
		{14EF7ED2-9F64-4F3B-A878-78BD4CF443FE} = {68910213-5A50-4E9E-92C1-ACAF86DDDD03}
		{DD4C6009-6C12-406E-8CE2-3439F8097ABF} = {68910213-5A50-4E9E-92C1-ACAF86DDDD03}
		{8B1F40BD-B376-4E6C-9AD7-CA4E8B1800AF} = {68910213-5A50-4E9E-92C1-ACAF86DDDD03}
		{3BC58C81-306B-4204-97D4-E7B4AA322951} = {C81ECAC3-E0DA-4585-B157-20351CD08482}
		{BBDE9E40-AB75-447A-816C-434A2E690CBD} = {68910213-5A50-4E9E-92C1-ACAF86DDDD03}
		{17950ED5-4839-4E1B-8AF2-55530F769FF5} = {50C359DE-C6B6-4CF7-A7F9-5FD0B43A8201}
	EndGlobalSection
	GlobalSection(ExtensibilityGlobals) = postSolution
		SolutionGuid = {6CE2D54A-B4B9-4F42-ABAB-3DA615DF64CA}
	EndGlobalSection
EndGlobal
